
Microsoft Visual Studio Solution File, Format Version 12.00
# Visual Studio Version 17
VisualStudioVersion = 17.5.33502.453
MinimumVisualStudioVersion = 10.0.40219.1
Project("{2150E333-8FDC-42A3-9474-1A3956D46DE8}") = "app-auth", "app-auth", "{6BB7D1FF-2BE6-49A1-AAED-8A5349090477}"
EndProject
Project("{2150E333-8FDC-42A3-9474-1A3956D46DE8}") = "user-auth", "user-auth", "{F6A9D040-921B-4168-8D49-0C843D52C75E}"
EndProject
Project("{9A19103F-16F7-4668-BE54-9A1E7A4F7556}") = "GraphAppOnlyTutorial", "app-auth\GraphAppOnlyTutorial\GraphAppOnlyTutorial.csproj", "{C3ADA0D8-F23B-4C33-BE23-50C5DFDC98AE}"
EndProject
Project("{9A19103F-16F7-4668-BE54-9A1E7A4F7556}") = "GraphTutorial", "user-auth\GraphTutorial\GraphTutorial.csproj", "{75CE4B88-6CB7-489B-8AF9-C106ED8D496F}"
EndProject
Global
	GlobalSection(SolutionConfigurationPlatforms) = preSolution
		Debug|Any CPU = Debug|Any CPU
		Release|Any CPU = Release|Any CPU
	EndGlobalSection
	GlobalSection(ProjectConfigurationPlatforms) = postSolution
		{C3ADA0D8-F23B-4C33-BE23-50C5DFDC98AE}.Debug|Any CPU.ActiveCfg = Debug|Any CPU
		{C3ADA0D8-F23B-4C33-BE23-50C5DFDC98AE}.Debug|Any CPU.Build.0 = Debug|Any CPU
		{C3ADA0D8-F23B-4C33-BE23-50C5DFDC98AE}.Release|Any CPU.ActiveCfg = Release|Any CPU
		{C3ADA0D8-F23B-4C33-BE23-50C5DFDC98AE}.Release|Any CPU.Build.0 = Release|Any CPU
		{75CE4B88-6CB7-489B-8AF9-C106ED8D496F}.Debug|Any CPU.ActiveCfg = Debug|Any CPU
		{75CE4B88-6CB7-489B-8AF9-C106ED8D496F}.Debug|Any CPU.Build.0 = Debug|Any CPU
		{75CE4B88-6CB7-489B-8AF9-C106ED8D496F}.Release|Any CPU.ActiveCfg = Release|Any CPU
		{75CE4B88-6CB7-489B-8AF9-C106ED8D496F}.Release|Any CPU.Build.0 = Release|Any CPU
	EndGlobalSection
	GlobalSection(SolutionProperties) = preSolution
		HideSolutionNode = FALSE
	EndGlobalSection
	GlobalSection(NestedProjects) = preSolution
		{C3ADA0D8-F23B-4C33-BE23-50C5DFDC98AE} = {6BB7D1FF-2BE6-49A1-AAED-8A5349090477}
		{75CE4B88-6CB7-489B-8AF9-C106ED8D496F} = {F6A9D040-921B-4168-8D49-0C843D52C75E}
	EndGlobalSection
	GlobalSection(ExtensibilityGlobals) = postSolution
		SolutionGuid = {3D18361B-ABF9-44B6-9E1B-D189151996C0}
	EndGlobalSection
EndGlobal
